<?xml version="1.0" encoding="utf-8"?>
<Project ToolsVersion="4.0" xmlns="http://schemas.microsoft.com/developer/msbuild/2003">
  <ItemGroup>
    <Filter Include="Source Files">
      <UniqueIdentifier>{1ce8f867-3d6e-49a5-a1d7-b1e3789b0d35}</UniqueIdentifier>
      <Extensions>cpp;c;cxx;rc;def;r;odl;idl;hpj;bat</Extensions>
    </Filter>
    <Filter Include="Header Files">
      <UniqueIdentifier>{006c2bb1-436d-4e4b-86a9-58bdd50d2c0a}</UniqueIdentifier>
      <Extensions>h;hpp;hxx;hm;inl</Extensions>
    </Filter>
    <Filter Include="Resource Files">
      <UniqueIdentifier>{4b5f3361-352b-4ac4-94ed-122a258078a6}</UniqueIdentifier>
      <Extensions>ico;cur;bmp;dlg;rc2;rct;bin;rgs;gif;jpg;jpeg;jpe</Extensions>
    </Filter>
  </ItemGroup>
  <ItemGroup>
    <ClCompile Include="CamSetting.cpp">
      <Filter>Source Files</Filter>
    </ClCompile>
    <ClCompile Include="StdAfx.cpp">
      <Filter>Source Files</Filter>
    </ClCompile>
    <ClCompile Include="webcam.cpp">
      <Filter>Source Files</Filter>
    </ClCompile>
    <ClCompile Include="webcamDlg.cpp">
      <Filter>Source Files</Filter>
    </ClCompile>
    <ClCompile Include="sift.cpp">
      <Filter>Source Files</Filter>
    </ClCompile>
    <ClCompile Include="pgm.cpp">
      <Filter>Source Files</Filter>
    </ClCompile>
    <ClCompile Include="pGNUPlot.cpp">
      <Filter>Source Files</Filter>
    </ClCompile>
  </ItemGroup>
  <ItemGroup>
    <ResourceCompile Include="webcam.rc">
      <Filter>Source Files</Filter>
    </ResourceCompile>
  </ItemGroup>
  <ItemGroup>
    <ClInclude Include="CamSetting.h">
      <Filter>Header Files</Filter>
    </ClInclude>
    <ClInclude Include="Resource.h">
      <Filter>Header Files</Filter>
    </ClInclude>
    <ClInclude Include="StdAfx.h">
      <Filter>Header Files</Filter>
    </ClInclude>
    <ClInclude Include="webcam.h">
      <Filter>Header Files</Filter>
    </ClInclude>
    <ClInclude Include="webcamDlg.h">
      <Filter>Header Files</Filter>
    </ClInclude>
    <ClInclude Include="pgm.h">
      <Filter>Header Files</Filter>
    </ClInclude>
    <ClInclude Include="pGNUPlot.h">
      <Filter>Header Files</Filter>
    </ClInclude>
    <ClInclude Include="sift.h">
      <Filter>Header Files</Filter>
    </ClInclude>
  </ItemGroup>
  <ItemGroup>
    <None Include="res\webcam.ico">
      <Filter>Resource Files</Filter>
    </None>
    <None Include="res\webcam.rc2">
      <Filter>Resource Files</Filter>
    </None>
    <None Include="ReadMe.txt" />
  </ItemGroup>
</Project>